<?xml version="1.0" encoding="utf-8"?>
<Project ToolsVersion="4.0" xmlns="http://schemas.microsoft.com/developer/msbuild/2003">
  <ItemGroup>
    <None Include="packages.config" />
  </ItemGroup>
  <ItemGroup>
    <Filter Include="src">
      <UniqueIdentifier>{685db62f-ff27-4063-ad07-8e22e4249a36}</UniqueIdentifier>
    </Filter>
    <Filter Include="include">
      <UniqueIdentifier>{b286fab6-cf44-4574-9fcd-cec6eaf6de18}</UniqueIdentifier>
    </Filter>
    <Filter Include="src\Game">
      <UniqueIdentifier>{259248c3-be60-4366-a21c-a016f64292cb}</UniqueIdentifier>
    </Filter>
    <Filter Include="src\Graphics">
      <UniqueIdentifier>{597fa796-431b-4915-94c5-bf011cbb6a94}</UniqueIdentifier>
    </Filter>
    <Filter Include="src\Utility">
      <UniqueIdentifier>{feb1b73e-8a92-4a63-86c2-7440f1e6e549}</UniqueIdentifier>
    </Filter>
    <Filter Include="include\Core">
      <UniqueIdentifier>{8f62cbc8-7b89-475d-80b4-f82ad9591528}</UniqueIdentifier>
    </Filter>
    <Filter Include="include\Game">
      <UniqueIdentifier>{6f13ce9c-0668-48ba-9170-d2da508ab640}</UniqueIdentifier>
    </Filter>
    <Filter Include="include\Graphics">
      <UniqueIdentifier>{fd378f22-de9b-49c1-8e0a-2a653391552d}</UniqueIdentifier>
    </Filter>
    <Filter Include="include\Utility">
      <UniqueIdentifier>{d8df1796-e59a-4684-b5d8-d5b9280a4d9f}</UniqueIdentifier>
    </Filter>
    <Filter Include="include\Scene">
      <UniqueIdentifier>{51f7c979-063b-46b8-a043-1c82f689dda9}</UniqueIdentifier>
    </Filter>
    <Filter Include="src\Scene">
      <UniqueIdentifier>{540f3651-62a7-45af-b42e-fa6df1b82ce6}</UniqueIdentifier>
    </Filter>
    <Filter Include="include\UI">
      <UniqueIdentifier>{f5570b31-1605-46a5-9841-b60560cda944}</UniqueIdentifier>
    </Filter>
  </ItemGroup>
  <ItemGroup>
    <FxCompile Include="shaders\shaders.hlsl">
      <Filter>src</Filter>
    </FxCompile>
  </ItemGroup>
  <ItemGroup>
    <ClCompile Include="src\Game\Dungeon.cpp">
      <Filter>src\Game</Filter>
    </ClCompile>
    <ClCompile Include="src\Game\Player.cpp">
      <Filter>src\Game</Filter>
    </ClCompile>
    <ClCompile Include="src\Game\ProjectilePool.cpp">
      <Filter>src\Game</Filter>
    </ClCompile>
    <ClCompile Include="src\Graphics\Camera.cpp">
      <Filter>src\Graphics</Filter>
    </ClCompile>
    <ClCompile Include="src\Graphics\Renderer.cpp">
      <Filter>src\Graphics</Filter>
    </ClCompile>
    <ClCompile Include="src\main.cpp">
      <Filter>src</Filter>
    </ClCompile>
    <ClCompile Include="src\Game\EnemyManager.cpp">
      <Filter>src\Game</Filter>
    </ClCompile>
    <ClCompile Include="src\Utility\Collision.cpp">
      <Filter>src\Utility</Filter>
    </ClCompile>
    <ClCompile Include="src\Scene\GameScene.cpp">
      <Filter>src\Scene</Filter>
    </ClCompile>
    <ClCompile Include="src\Scene\TitleScene.cpp">
      <Filter>src\Scene</Filter>
    </ClCompile>
    <ClCompile Include="src\Game\Enemy.cpp">
      <Filter>src\Game</Filter>
    </ClCompile>
    <ClCompile Include="src\Game\Projectile.cpp">
      <Filter>src\Game</Filter>
    </ClCompile>
  </ItemGroup>
  <ItemGroup>
    <ClInclude Include="include\MazeSurge\Core\Common.h">
      <Filter>include\Core</Filter>
    </ClInclude>
    <ClInclude Include="include\MazeSurge\Core\Types.h">
      <Filter>include\Core</Filter>
    </ClInclude>
    <ClInclude Include="include\MazeSurge\Game\Dungeon.h">
      <Filter>include\Game</Filter>
    </ClInclude>
    <ClInclude Include="include\MazeSurge\Game\Player.h">
      <Filter>include\Game</Filter>
    </ClInclude>
    <ClInclude Include="include\MazeSurge\Game\Projectile.h">
      <Filter>include\Game</Filter>
    </ClInclude>
    <ClInclude Include="include\MazeSurge\Game\ProjectilePool.h">
      <Filter>include\Game</Filter>
    </ClInclude>
    <ClInclude Include="include\MazeSurge\Graphics\Camera.h">
      <Filter>include\Graphics</Filter>
    </ClInclude>
    <ClInclude Include="include\MazeSurge\Graphics\Cube.h">
      <Filter>include\Graphics</Filter>
    </ClInclude>
    <ClInclude Include="include\MazeSurge\Graphics\Renderer.h">
      <Filter>include\Graphics</Filter>
    </ClInclude>
    <ClInclude Include="include\MazeSurge\Game\Enemy.h">
      <Filter>include\Game</Filter>
    </ClInclude>
    <ClInclude Include="include\MazeSurge\Game\EnemyManager.h">
      <Filter>include\Game</Filter>
    </ClInclude>
    <ClInclude Include="include\MazeSurge\Utility\Collision.h">
      <Filter>include\Utility</Filter>
    </ClInclude>
    <ClInclude Include="include\MazeSurge\Scene\Scene.h">
      <Filter>include\Scene</Filter>
    </ClInclude>
    <ClInclude Include="include\MazeSurge\Scene\GameScene.h">
      <Filter>include\Scene</Filter>
    </ClInclude>
    <ClInclude Include="include\MazeSurge\UI\UIConstant.h">
      <Filter>include\UI</Filter>
    </ClInclude>
    <ClInclude Include="include\MazeSurge\Scene\TitleScene.h">
      <Filter>include\Scene</Filter>
    </ClInclude>
    <ClInclude Include="include\MazeSurge\Core\GameConstant.h">
      <Filter>include\Core</Filter>
    </ClInclude>
    <ClInclude Include="include\MazeSurge\Core\Core.h">
      <Filter>include\Core</Filter>
    </ClInclude>
  </ItemGroup>
</Project>